
Microsoft Visual Studio Solution File, Format Version 12.00
# Visual Studio Version 17
VisualStudioVersion = 17.4.33110.190
MinimumVisualStudioVersion = 10.0.40219.1
Project("{FAE04EC0-301F-11D3-BF4B-00C04F79EFBC}") = "SoapService", "src\SoapService\SoapService.csproj", "{E9D99CA8-0A0C-45CC-B55B-7D92D9EB15EB}"
EndProject
Project("{FAE04EC0-301F-11D3-BF4B-00C04F79EFBC}") = "SoapService.Tests", "test\SoapService.Tests\SoapService.Tests.csproj", "{4799C67A-A22C-4634-8CBB-F79E7910C0C1}"
EndProject
Project("{FAE04EC0-301F-11D3-BF4B-00C04F79EFBC}") = "LibraryService.Web", "src\LibraryService.Web\LibraryService.Web.csproj", "{D8E83266-9A4E-4931-93F7-398BFA50F3C5}"
EndProject
Global
	GlobalSection(SolutionConfigurationPlatforms) = preSolution
		Debug|Any CPU = Debug|Any CPU
		Release|Any CPU = Release|Any CPU
	EndGlobalSection
	GlobalSection(ProjectConfigurationPlatforms) = postSolution
		{E9D99CA8-0A0C-45CC-B55B-7D92D9EB15EB}.Debug|Any CPU.ActiveCfg = Debug|Any CPU
		{E9D99CA8-0A0C-45CC-B55B-7D92D9EB15EB}.Debug|Any CPU.Build.0 = Debug|Any CPU
		{E9D99CA8-0A0C-45CC-B55B-7D92D9EB15EB}.Release|Any CPU.ActiveCfg = Release|Any CPU
		{E9D99CA8-0A0C-45CC-B55B-7D92D9EB15EB}.Release|Any CPU.Build.0 = Release|Any CPU
		{4799C67A-A22C-4634-8CBB-F79E7910C0C1}.Debug|Any CPU.ActiveCfg = Debug|Any CPU
		{4799C67A-A22C-4634-8CBB-F79E7910C0C1}.Debug|Any CPU.Build.0 = Debug|Any CPU
		{4799C67A-A22C-4634-8CBB-F79E7910C0C1}.Release|Any CPU.ActiveCfg = Release|Any CPU
		{4799C67A-A22C-4634-8CBB-F79E7910C0C1}.Release|Any CPU.Build.0 = Release|Any CPU
		{D8E83266-9A4E-4931-93F7-398BFA50F3C5}.Debug|Any CPU.ActiveCfg = Debug|Any CPU
		{D8E83266-9A4E-4931-93F7-398BFA50F3C5}.Debug|Any CPU.Build.0 = Debug|Any CPU
		{D8E83266-9A4E-4931-93F7-398BFA50F3C5}.Release|Any CPU.ActiveCfg = Release|Any CPU
		{D8E83266-9A4E-4931-93F7-398BFA50F3C5}.Release|Any CPU.Build.0 = Release|Any CPU
	EndGlobalSection
	GlobalSection(SolutionProperties) = preSolution
		HideSolutionNode = FALSE
	EndGlobalSection
	GlobalSection(ExtensibilityGlobals) = postSolution
		SolutionGuid = {115D6C69-8F37-47C7-A4FF-47C5C895AD88}
	EndGlobalSection
EndGlobal
